
Microsoft Visual Studio Solution File, Format Version 12.00
# Visual Studio Version 17
VisualStudioVersion = 17.11.35312.102
MinimumVisualStudioVersion = 10.0.40219.1
Project("{9A19103F-16F7-4668-BE54-9A1E7A4F7556}") = "Account.API", "AZ-Account\Account.API.csproj", "{36599114-0AE0-473D-93AC-EE73A620ECEA}"
EndProject
Project("{9A19103F-16F7-4668-BE54-9A1E7A4F7556}") = "Account.Application", "Account.Application\Account.Application.csproj", "{5B968358-F7E3-4937-ABBC-F86521BA5432}"
EndProject
Project("{9A19103F-16F7-4668-BE54-9A1E7A4F7556}") = "Account.Core", "Account.Domain\Account.Core.csproj", "{EF962D9C-33A6-4C05-AB69-6143EF062757}"
EndProject
Project("{9A19103F-16F7-4668-BE54-9A1E7A4F7556}") = "Account.Persistence", "Account.Persistence\Account.Persistence.csproj", "{B4408EF5-C840-4609-AFB0-79E656AF6238}"
EndProject
Project("{9A19103F-16F7-4668-BE54-9A1E7A4F7556}") = "Account.Infrastructure", "Account.Infrastructure\Account.Infrastructure.csproj", "{63FAB0D3-C138-4D9F-BC60-EF169F9293B1}"
EndProject
Global
	GlobalSection(SolutionConfigurationPlatforms) = preSolution
		Debug|Any CPU = Debug|Any CPU
		Release|Any CPU = Release|Any CPU
	EndGlobalSection
	GlobalSection(ProjectConfigurationPlatforms) = postSolution
		{36599114-0AE0-473D-93AC-EE73A620ECEA}.Debug|Any CPU.ActiveCfg = Debug|Any CPU
		{36599114-0AE0-473D-93AC-EE73A620ECEA}.Debug|Any CPU.Build.0 = Debug|Any CPU
		{36599114-0AE0-473D-93AC-EE73A620ECEA}.Release|Any CPU.ActiveCfg = Release|Any CPU
		{36599114-0AE0-473D-93AC-EE73A620ECEA}.Release|Any CPU.Build.0 = Release|Any CPU
		{5B968358-F7E3-4937-ABBC-F86521BA5432}.Debug|Any CPU.ActiveCfg = Debug|Any CPU
		{5B968358-F7E3-4937-ABBC-F86521BA5432}.Debug|Any CPU.Build.0 = Debug|Any CPU
		{5B968358-F7E3-4937-ABBC-F86521BA5432}.Release|Any CPU.ActiveCfg = Release|Any CPU
		{5B968358-F7E3-4937-ABBC-F86521BA5432}.Release|Any CPU.Build.0 = Release|Any CPU
		{EF962D9C-33A6-4C05-AB69-6143EF062757}.Debug|Any CPU.ActiveCfg = Debug|Any CPU
		{EF962D9C-33A6-4C05-AB69-6143EF062757}.Debug|Any CPU.Build.0 = Debug|Any CPU
		{EF962D9C-33A6-4C05-AB69-6143EF062757}.Release|Any CPU.ActiveCfg = Release|Any CPU
		{EF962D9C-33A6-4C05-AB69-6143EF062757}.Release|Any CPU.Build.0 = Release|Any CPU
		{B4408EF5-C840-4609-AFB0-79E656AF6238}.Debug|Any CPU.ActiveCfg = Debug|Any CPU
		{B4408EF5-C840-4609-AFB0-79E656AF6238}.Debug|Any CPU.Build.0 = Debug|Any CPU
		{B4408EF5-C840-4609-AFB0-79E656AF6238}.Release|Any CPU.ActiveCfg = Release|Any CPU
		{B4408EF5-C840-4609-AFB0-79E656AF6238}.Release|Any CPU.Build.0 = Release|Any CPU
		{63FAB0D3-C138-4D9F-BC60-EF169F9293B1}.Debug|Any CPU.ActiveCfg = Debug|Any CPU
		{63FAB0D3-C138-4D9F-BC60-EF169F9293B1}.Debug|Any CPU.Build.0 = Debug|Any CPU
		{63FAB0D3-C138-4D9F-BC60-EF169F9293B1}.Release|Any CPU.ActiveCfg = Release|Any CPU
		{63FAB0D3-C138-4D9F-BC60-EF169F9293B1}.Release|Any CPU.Build.0 = Release|Any CPU
	EndGlobalSection
	GlobalSection(SolutionProperties) = preSolution
		HideSolutionNode = FALSE
	EndGlobalSection
	GlobalSection(ExtensibilityGlobals) = postSolution
		SolutionGuid = {232415F4-1D47-4976-A929-C8540F6FF129}
	EndGlobalSection
EndGlobal
